	<Project xmlns="http://schemas.microsoft.com/developer/msbuild/2003">
		<PropertyGroup>
			<ProjectGuid>{A7EA0E64-51B5-4E52-9036-F60A7276864D}</ProjectGuid>
			<MainSource>streamwriter.dpr</MainSource>
			<Config Condition="'$(Config)'==''">Release</Config>
			<DCC_DCCCompiler>DCC32</DCC_DCCCompiler>
			<ProjectVersion>12.2</ProjectVersion>
			<Basis>True</Basis>
			<Platform>Win32</Platform>
			<AppType>Application</AppType>
			<FrameworkType>VCL</FrameworkType>
		</PropertyGroup>
		<PropertyGroup Condition="'$(Config)'=='Basis' or '$(Base)'!=''">
			<Base>true</Base>
		</PropertyGroup>
		<PropertyGroup Condition="'$(Config)'=='Release' or '$(Cfg_1)'!=''">
			<Cfg_1>true</Cfg_1>
			<CfgParent>Base</CfgParent>
			<Base>true</Base>
		</PropertyGroup>
		<PropertyGroup Condition="'$(Config)'=='Debug' or '$(Cfg_2)'!=''">
			<Cfg_2>true</Cfg_2>
			<CfgParent>Base</CfgParent>
			<Base>true</Base>
		</PropertyGroup>
		<PropertyGroup Condition="'$(Base)'!=''">
			<DCC_IMPLICIT_STRING_CAST>false</DCC_IMPLICIT_STRING_CAST>
			<DCC_SYMBOL_DEPRECATED>false</DCC_SYMBOL_DEPRECATED>
			<DCC_UNIT_PLATFORM>false</DCC_UNIT_PLATFORM>
			<DCC_SYMBOL_PLATFORM>false</DCC_SYMBOL_PLATFORM>
			<DCC_DependencyCheckOutputName>..\bin\streamwriter.exe</DCC_DependencyCheckOutputName>
			<DCC_ImageBase>00400000</DCC_ImageBase>
			<DCC_UsePackage>vcl;rtl;vclx;vclactnband;xmlrtl;vclimg;dbrtl;vcldb;vcldbx;bdertl;vcltouch;dsnap;dsnapcon;TeeUI;TeeDB;Tee;adortl;IndyCore;IndySystem;IndyProtocols;dbexpress;DbxCommonDriver;DataSnapIndy10ServerTransport;DataSnapProviderClient;DbxClientDriver;DBXInterBaseDriver;DBXMySQLDriver;dbxcds;DBXFirebirdDriver;DBXSybaseASEDriver;DBXSybaseASADriver;DBXOracleDriver;DBXMSSQLDriver;DBXInformixDriver;DBXDb2Driver;VirtualTreesD12;vt</DCC_UsePackage>
			<DCC_UnitAlias>WinTypes=Windows;WinProcs=Windows;DbiTypes=BDE;DbiProcs=BDE;DbiErrs=BDE;$(DCC_UnitAlias)</DCC_UnitAlias>
			<DCC_Platform>x86</DCC_Platform>
			<DCC_ExeOutput>..\bin</DCC_ExeOutput>
			<DCC_K>false</DCC_K>
			<DCC_N>false</DCC_N>
			<DCC_S>false</DCC_S>
			<DCC_DcuOutput>.\dcu</DCC_DcuOutput>
			<DCC_E>false</DCC_E>
			<DCC_F>false</DCC_F>
		</PropertyGroup>
		<PropertyGroup Condition="'$(Cfg_1)'!=''">
			<DCC_MapFile>3</DCC_MapFile>
			<DCC_Define>RELEASE;madExcept;$(DCC_Define)</DCC_Define>
			<DCC_SymbolReferenceInfo>0</DCC_SymbolReferenceInfo>
		</PropertyGroup>
		<PropertyGroup Condition="'$(Cfg_2)'!=''">
			<DCC_MapFile>3</DCC_MapFile>
			<DCC_DebugDCUs>true</DCC_DebugDCUs>
			<DCC_Optimize>false</DCC_Optimize>
			<DCC_GenerateStackFrames>true</DCC_GenerateStackFrames>
			<DCC_DebugInfoInExe>true</DCC_DebugInfoInExe>
			<DCC_Define>DEBUG;madExcept;$(DCC_Define)</DCC_Define>
		</PropertyGroup>
		<ItemGroup>
			<DelphiCompile Include="streamwriter.dpr">
				<MainSource>MainSource</MainSource>
			</DelphiCompile>
			<DCCReference Include="..\..\common\MM.pas"/>
			<DCCReference Include="Main.pas">
				<Form>frmStreamWriterMain</Form>
			</DCCReference>
			<DCCReference Include="controls\ClientView.pas"/>
			<DCCReference Include="DataManager.pas"/>
			<DCCReference Include="Settings.pas">
				<Form>frmSettings</Form>
			</DCCReference>
			<DCCReference Include="AppData.pas"/>
			<DCCReference Include="Wizard.pas">
				<Form>frmWizard</Form>
			</DCCReference>
			<DCCReference Include="..\..\common\ExtendedStream.pas"/>
			<DCCReference Include="..\..\common\Functions.pas"/>
			<DCCReference Include="..\..\common\AppDataBase.pas"/>
			<DCCReference Include="..\..\common\UpdateClient.pas"/>
			<DCCReference Include="..\..\common\LanguageObjects.pas"/>
			<DCCReference Include="..\..\common\GUIFunctions.pas"/>
			<DCCReference Include="..\..\common\forms\Update.pas">
				<Form>frmUpdate</Form>
			</DCCReference>
			<DCCReference Include="..\..\common\forms\Changelog.pas">
				<Form>frmChangeLog</Form>
			</DCCReference>
			<DCCReference Include="..\..\common\LanguageIcons.pas"/>
			<DCCReference Include="..\..\common\forms\MsgDlg.pas">
				<Form>frmMsgDlg</Form>
			</DCCReference>
			<DCCReference Include="..\..\common\SettingsStorage.pas"/>
			<DCCReference Include="..\..\common\forms\WizardBase.pas">
				<Form>frmSetupWizard</Form>
			</DCCReference>
			<DCCReference Include="..\..\common\AppStartup.pas"/>
			<DCCReference Include="..\..\common\forms\ProfileSettings.pas">
				<Form>frmProfileSettings</Form>
			</DCCReference>
			<DCCReference Include="..\..\common\forms\SettingsBase.pas">
				<Form>frmSettingsBase</Form>
			</DCCReference>
			<DCCReference Include="controls\StreamBrowserView.pas"/>
			<DCCReference Include="controls\StationCombo.pas"/>
			<DCCReference Include="controls\StreamInfoView.pas"/>
			<DCCReference Include="controls\StreamDebugView.pas"/>
			<DCCReference Include="Base64.pas"/>
			<DCCReference Include="audio\DynBASS.pas"/>
			<DCCReference Include="audio\AudioStream.pas"/>
			<DCCReference Include="controls\ClientTab.pas"/>
			<DCCReference Include="controls\CutTab.pas"/>
			<DCCReference Include="..\..\common\MControls.pas"/>
			<DCCReference Include="controls\Tabs.pas"/>
			<DCCReference Include="controls\CutView.pas"/>
			<DCCReference Include="controls\SavedTab.pas"/>
			<DCCReference Include="audio\WaveData.pas"/>
			<DCCReference Include="..\..\common\forms\About.pas">
				<Form>frmAbout</Form>
			</DCCReference>
			<DCCReference Include="CheckFilesThread.pas"/>
			<DCCReference Include="controls\ListsTab.pas"/>
			<DCCReference Include="..\..\common\forms\UpdatedInfo.pas">
				<Form>frmUpdatedInfo</Form>
			</DCCReference>
			<DCCReference Include="controls\SharedControls.pas"/>
			<DCCReference Include="streaming\ClientManager.pas"/>
			<DCCReference Include="streaming\ICEClient.pas"/>
			<DCCReference Include="streaming\ICEPlayer.pas"/>
			<DCCReference Include="streaming\ICEStream.pas"/>
			<DCCReference Include="streaming\ICEThread.pas"/>
			<DCCReference Include="audio\MPEG.pas"/>
			<DCCReference Include="CommunityLogin.pas">
				<Form>frmCommunityLogin</Form>
			</DCCReference>
			<DCCReference Include="..\..\common\sockets\Commands.pas"/>
			<DCCReference Include="..\..\common\sockets\Communication.pas"/>
			<DCCReference Include="..\..\common\sockets\Protocol.pas"/>
			<DCCReference Include="..\..\common\sockets\HTTPStream.pas"/>
			<DCCReference Include="..\..\common\sockets\HTTPThread.pas"/>
			<DCCReference Include="..\..\common\sockets\Sockets.pas"/>
			<DCCReference Include="..\..\common\sockets\Int32Protocol.pas"/>
			<DCCReference Include="HomeCommunication.pas"/>
			<DCCReference Include="audio\Player.pas"/>
			<DCCReference Include="audio\PlayerManager.pas"/>
			<DCCReference Include="postprocess\PostProcess.pas"/>
			<DCCReference Include="postprocess\PostProcessSetTags.pas"/>
			<DCCReference Include="postprocess\PostProcessManager.pas"/>
			<DCCReference Include="..\..\common\Logging.pas"/>
			<DCCReference Include="Timers.pas">
				<Form>frmTimers</Form>
			</DCCReference>
			<DCCReference Include="StreamData.pas">
				<Form>frmStreamData</Form>
			</DCCReference>
			<DCCReference Include="postprocess\PostProcessSoX.pas"/>
			<DCCReference Include="DownloadAddons.pas">
				<Form>frmDownloadAddons</Form>
			</DCCReference>
			<DCCReference Include="..\..\common\DownloadClient.pas"/>
			<DCCReference Include="postprocess\ConfigureSoX.pas">
				<Form>frmConfigureSoX</Form>
			</DCCReference>
			<DCCReference Include="Notifications.pas">
				<Form>frmNotification</Form>
			</DCCReference>
			<DCCReference Include="TypeDefs.pas"/>
			<DCCReference Include="controls\CutTabSearchSilence.pas">
				<Form>frmCutTabSearchSilence</Form>
			</DCCReference>
			<DCCReference Include="..\..\common\FileWatcher.pas"/>
			<DCCReference Include="controls\ChartsTab.pas"/>
			<DCCReference Include="controls\ChartsTabAdjustTitleName.pas">
				<Form>frmChartsTabAdjustTitleName</Form>
			</DCCReference>
			<DCCReference Include="postprocess\ConfigureSetTags.pas">
				<Form>Form1</Form>
			</DCCReference>
			<DCCReference Include="..\..\common\MessageBus.pas"/>
			<DCCReference Include="AppMessages.pas"/>
			<DCCReference Include="controls\StatusBar.pas"/>
			<DCCReference Include="postprocess\PostProcessMP4Box.pas"/>
			<DCCReference Include="..\..\common\SystemCritical.pas"/>
			<DCCReference Include="audio\FileConvertor.pas"/>
			<DCCReference Include="plugin\PluginManager.pas"/>
			<DCCReference Include="plugin\PluginLAME.pas"/>
			<DCCReference Include="plugin\PluginBase.pas"/>
			<DCCReference Include="plugin\PluginFAAC.pas"/>
			<DCCReference Include="plugin\PluginSoX.pas"/>
			<DCCReference Include="Intro.pas">
				<Form>frmIntro</Form>
			</DCCReference>
			<DCCReference Include="postprocess\PostProcessConvert.pas"/>
			<DCCReference Include="plugin\PluginOGGEnc.pas"/>
			<DCCReference Include="plugin\PluginMP4Box.pas"/>
			<DCCReference Include="audio\FileTagger.pas"/>
			<DCCReference Include="plugin\PluginAudioGenie.pas"/>
			<DCCReference Include="audio\AudioGenie.pas"/>
			<DCCReference Include="controls\SavedTabEditTags.pas">
				<Form>frmEditTags</Form>
			</DCCReference>
			<BuildConfiguration Include="Debug">
				<Key>Cfg_2</Key>
				<CfgParent>Base</CfgParent>
			</BuildConfiguration>
			<BuildConfiguration Include="Basis">
				<Key>Base</Key>
			</BuildConfiguration>
			<BuildConfiguration Include="Release">
				<Key>Cfg_1</Key>
				<CfgParent>Base</CfgParent>
			</BuildConfiguration>
		</ItemGroup>
		<Import Condition="Exists('$(BDS)\Bin\CodeGear.Delphi.Targets')" Project="$(BDS)\Bin\CodeGear.Delphi.Targets"/>
		<Import Condition="Exists('$(APPDATA)\Embarcadero\$(BDSAPPDATABASEDIR)\8.0\UserTools.proj')" Project="$(APPDATA)\Embarcadero\$(BDSAPPDATABASEDIR)\8.0\UserTools.proj"/>
		<ProjectExtensions>
			<Borland.Personality>Delphi.Personality.12</Borland.Personality>
			<Borland.ProjectType>VCLApplication</Borland.ProjectType>
			<BorlandProject>
				<Delphi.Personality>
					<Source>
						<Source Name="MainSource">streamwriter.dpr</Source>
					</Source>
					<Parameters/>
					<VersionInfo>
						<VersionInfo Name="IncludeVerInfo">True</VersionInfo>
						<VersionInfo Name="AutoIncBuild">False</VersionInfo>
						<VersionInfo Name="MajorVer">3</VersionInfo>
						<VersionInfo Name="MinorVer">7</VersionInfo>
						<VersionInfo Name="Release">0</VersionInfo>
						<VersionInfo Name="Build">0</VersionInfo>
						<VersionInfo Name="Debug">False</VersionInfo>
						<VersionInfo Name="PreRelease">False</VersionInfo>
						<VersionInfo Name="Special">False</VersionInfo>
						<VersionInfo Name="Private">False</VersionInfo>
						<VersionInfo Name="DLL">False</VersionInfo>
						<VersionInfo Name="Locale">1033</VersionInfo>
						<VersionInfo Name="CodePage">1252</VersionInfo>
					</VersionInfo>
					<VersionInfoKeys>
						<VersionInfoKeys Name="CompanyName">streamwriter.org</VersionInfoKeys>
						<VersionInfoKeys Name="FileDescription">streamWriter</VersionInfoKeys>
						<VersionInfoKeys Name="FileVersion">3.7.0.0</VersionInfoKeys>
						<VersionInfoKeys Name="InternalName">streamwriter</VersionInfoKeys>
						<VersionInfoKeys Name="LegalCopyright">streamwriter.org</VersionInfoKeys>
						<VersionInfoKeys Name="LegalTrademarks"/>
						<VersionInfoKeys Name="OriginalFilename">streamwriter.exe</VersionInfoKeys>
						<VersionInfoKeys Name="ProductName">streamWriter</VersionInfoKeys>
						<VersionInfoKeys Name="ProductVersion">3.7.0.0</VersionInfoKeys>
						<VersionInfoKeys Name="Comments"/>
					</VersionInfoKeys>
					<Excluded_Packages/>
				</Delphi.Personality>
				<Platforms>
					<Platform value="Win32">True</Platform>
				</Platforms>
			</BorlandProject>
			<ProjectFileVersion>12</ProjectFileVersion>
		</ProjectExtensions>
	</Project>
